
Microsoft Visual Studio Solution File, Format Version 12.00
# Visual Studio Version 16
VisualStudioVersion = 16.0.32228.343
MinimumVisualStudioVersion = 10.0.40219.1
Project("{9A19103F-16F7-4668-BE54-9A1E7A4F7556}") = "Ejercicio2DeNatalyVillafañez", "Ejercicio2DeNatalyVillafañez\Ejercicio2DeNatalyVillafañez.csproj", "{8EB79FE1-3FC8-4C43-83F1-F4C6FDDFCC37}"
EndProject
Global
	GlobalSection(SolutionConfigurationPlatforms) = preSolution
		Debug|Any CPU = Debug|Any CPU
		Release|Any CPU = Release|Any CPU
	EndGlobalSection
	GlobalSection(ProjectConfigurationPlatforms) = postSolution
		{8EB79FE1-3FC8-4C43-83F1-F4C6FDDFCC37}.Debug|Any CPU.ActiveCfg = Debug|Any CPU
		{8EB79FE1-3FC8-4C43-83F1-F4C6FDDFCC37}.Debug|Any CPU.Build.0 = Debug|Any CPU
		{8EB79FE1-3FC8-4C43-83F1-F4C6FDDFCC37}.Release|Any CPU.ActiveCfg = Release|Any CPU
		{8EB79FE1-3FC8-4C43-83F1-F4C6FDDFCC37}.Release|Any CPU.Build.0 = Release|Any CPU
	EndGlobalSection
	GlobalSection(SolutionProperties) = preSolution
		HideSolutionNode = FALSE
	EndGlobalSection
	GlobalSection(ExtensibilityGlobals) = postSolution
		SolutionGuid = {5ECF5C00-2F27-4979-A573-79B224909DDC}
	EndGlobalSection
EndGlobal
